
Microsoft Visual Studio Solution File, Format Version 12.00
# Visual Studio Version 16
VisualStudioVersion = 16.0.31229.75
MinimumVisualStudioVersion = 10.0.40219.1
Project("{9A19103F-16F7-4668-BE54-9A1E7A4F7556}") = "HomeWorks", "HomeWorks.csproj", "{23C432B0-ED06-4763-A358-1F4DE8A96610}"
EndProject
Project("{9A19103F-16F7-4668-BE54-9A1E7A4F7556}") = "HomeWork1", "..\HomeWork1\HomeWork1.csproj", "{B639DCBB-963E-4711-8C0F-99512BEBDE43}"
EndProject
Project("{9A19103F-16F7-4668-BE54-9A1E7A4F7556}") = "HomeWork2", "..\HomeWork2\HomeWork2.csproj", "{661C400A-5ACC-48CA-97CB-77C8630B296E}"
EndProject
Project("{9A19103F-16F7-4668-BE54-9A1E7A4F7556}") = "HomeWork3", "..\HomeWork3\HomeWork3.csproj", "{2AF6FC25-B76C-4798-9136-0AE861177B7F}"
EndProject
Project("{9A19103F-16F7-4668-BE54-9A1E7A4F7556}") = "HomeWork4", "..\HomeWork4\HomeWork4.csproj", "{9763E3AD-113D-403B-A1E3-928A46DF4DED}"
EndProject
Project("{9A19103F-16F7-4668-BE54-9A1E7A4F7556}") = "HomeWork7", "..\HomeWork7\HomeWork7.csproj", "{634B92F4-CF88-40B7-B927-BE9BE860FDC5}"
EndProject
Project("{9A19103F-16F7-4668-BE54-9A1E7A4F7556}") = "HomeWork08", "..\HomeWork08\HomeWork08.csproj", "{74E69D55-93CB-4593-BFC5-3E0B59A98D30}"
EndProject
Project("{9A19103F-16F7-4668-BE54-9A1E7A4F7556}") = "HomeWork9", "..\HomeWork9\HomeWork9.csproj", "{9579ED23-D40F-4BE9-A13E-E443FEDA074E}"
EndProject
Project("{9A19103F-16F7-4668-BE54-9A1E7A4F7556}") = "HomeWork11", "..\HomeWork11\HomeWork11.csproj", "{95CCE786-CB3D-4A93-8B3E-77E1EBF80DCE}"
EndProject
Project("{9A19103F-16F7-4668-BE54-9A1E7A4F7556}") = "HomeWork13", "..\HomeWork13\HomeWork13.csproj", "{22CC567B-C4BF-4CBC-A09D-95B385CC920F}"
EndProject
Project("{9A19103F-16F7-4668-BE54-9A1E7A4F7556}") = "HomeWork12", "..\HomeWork12\HomeWork12.csproj", "{8020B6BB-85AB-4BFF-BC4F-B34AA74C2DEF}"
EndProject
Project("{9A19103F-16F7-4668-BE54-9A1E7A4F7556}") = "HomeWork10", "..\HomeWork10\HomeWork10.csproj", "{B6CE849B-DACF-41CB-8C49-3B7A9BB6BFE9}"
EndProject
Project("{9A19103F-16F7-4668-BE54-9A1E7A4F7556}") = "HomeWork14", "..\HomeWork14\HomeWork14.csproj", "{0619C0FC-B464-4B41-B3E0-F0557AE4418C}"
EndProject
Project("{9A19103F-16F7-4668-BE54-9A1E7A4F7556}") = "Homework15", "..\Homework15\Homework15.csproj", "{C0089936-879D-4AF3-9611-E1C84F61D1B9}"
EndProject
Project("{9A19103F-16F7-4668-BE54-9A1E7A4F7556}") = "HomeWork16", "..\HomeWork16\HomeWork16.csproj", "{8461100C-77E5-4B5E-99B9-24BF75410747}"
EndProject
Project("{FAE04EC0-301F-11D3-BF4B-00C04F79EFBC}") = "HomeWork17", "..\HomeWork17\HomeWork17.csproj", "{4F8A5A2C-5E35-486B-90B1-269D21E0C3A7}"
EndProject
Global
	GlobalSection(SolutionConfigurationPlatforms) = preSolution
		Debug|Any CPU = Debug|Any CPU
		Release|Any CPU = Release|Any CPU
	EndGlobalSection
	GlobalSection(ProjectConfigurationPlatforms) = postSolution
		{23C432B0-ED06-4763-A358-1F4DE8A96610}.Debug|Any CPU.ActiveCfg = Debug|Any CPU
		{23C432B0-ED06-4763-A358-1F4DE8A96610}.Debug|Any CPU.Build.0 = Debug|Any CPU
		{23C432B0-ED06-4763-A358-1F4DE8A96610}.Release|Any CPU.ActiveCfg = Release|Any CPU
		{23C432B0-ED06-4763-A358-1F4DE8A96610}.Release|Any CPU.Build.0 = Release|Any CPU
		{B639DCBB-963E-4711-8C0F-99512BEBDE43}.Debug|Any CPU.ActiveCfg = Debug|Any CPU
		{B639DCBB-963E-4711-8C0F-99512BEBDE43}.Debug|Any CPU.Build.0 = Debug|Any CPU
		{B639DCBB-963E-4711-8C0F-99512BEBDE43}.Release|Any CPU.ActiveCfg = Release|Any CPU
		{B639DCBB-963E-4711-8C0F-99512BEBDE43}.Release|Any CPU.Build.0 = Release|Any CPU
		{661C400A-5ACC-48CA-97CB-77C8630B296E}.Debug|Any CPU.ActiveCfg = Debug|Any CPU
		{661C400A-5ACC-48CA-97CB-77C8630B296E}.Debug|Any CPU.Build.0 = Debug|Any CPU
		{661C400A-5ACC-48CA-97CB-77C8630B296E}.Release|Any CPU.ActiveCfg = Release|Any CPU
		{661C400A-5ACC-48CA-97CB-77C8630B296E}.Release|Any CPU.Build.0 = Release|Any CPU
		{2AF6FC25-B76C-4798-9136-0AE861177B7F}.Debug|Any CPU.ActiveCfg = Debug|Any CPU
		{2AF6FC25-B76C-4798-9136-0AE861177B7F}.Debug|Any CPU.Build.0 = Debug|Any CPU
		{2AF6FC25-B76C-4798-9136-0AE861177B7F}.Release|Any CPU.ActiveCfg = Release|Any CPU
		{2AF6FC25-B76C-4798-9136-0AE861177B7F}.Release|Any CPU.Build.0 = Release|Any CPU
		{9763E3AD-113D-403B-A1E3-928A46DF4DED}.Debug|Any CPU.ActiveCfg = Debug|Any CPU
		{9763E3AD-113D-403B-A1E3-928A46DF4DED}.Debug|Any CPU.Build.0 = Debug|Any CPU
		{9763E3AD-113D-403B-A1E3-928A46DF4DED}.Release|Any CPU.ActiveCfg = Release|Any CPU
		{9763E3AD-113D-403B-A1E3-928A46DF4DED}.Release|Any CPU.Build.0 = Release|Any CPU
		{634B92F4-CF88-40B7-B927-BE9BE860FDC5}.Debug|Any CPU.ActiveCfg = Debug|Any CPU
		{634B92F4-CF88-40B7-B927-BE9BE860FDC5}.Debug|Any CPU.Build.0 = Debug|Any CPU
		{634B92F4-CF88-40B7-B927-BE9BE860FDC5}.Release|Any CPU.ActiveCfg = Release|Any CPU
		{634B92F4-CF88-40B7-B927-BE9BE860FDC5}.Release|Any CPU.Build.0 = Release|Any CPU
		{74E69D55-93CB-4593-BFC5-3E0B59A98D30}.Debug|Any CPU.ActiveCfg = Debug|Any CPU
		{74E69D55-93CB-4593-BFC5-3E0B59A98D30}.Debug|Any CPU.Build.0 = Debug|Any CPU
		{74E69D55-93CB-4593-BFC5-3E0B59A98D30}.Release|Any CPU.ActiveCfg = Release|Any CPU
		{74E69D55-93CB-4593-BFC5-3E0B59A98D30}.Release|Any CPU.Build.0 = Release|Any CPU
		{9579ED23-D40F-4BE9-A13E-E443FEDA074E}.Debug|Any CPU.ActiveCfg = Debug|Any CPU
		{9579ED23-D40F-4BE9-A13E-E443FEDA074E}.Debug|Any CPU.Build.0 = Debug|Any CPU
		{9579ED23-D40F-4BE9-A13E-E443FEDA074E}.Release|Any CPU.ActiveCfg = Release|Any CPU
		{9579ED23-D40F-4BE9-A13E-E443FEDA074E}.Release|Any CPU.Build.0 = Release|Any CPU
		{95CCE786-CB3D-4A93-8B3E-77E1EBF80DCE}.Debug|Any CPU.ActiveCfg = Debug|Any CPU
		{95CCE786-CB3D-4A93-8B3E-77E1EBF80DCE}.Debug|Any CPU.Build.0 = Debug|Any CPU
		{95CCE786-CB3D-4A93-8B3E-77E1EBF80DCE}.Release|Any CPU.ActiveCfg = Release|Any CPU
		{95CCE786-CB3D-4A93-8B3E-77E1EBF80DCE}.Release|Any CPU.Build.0 = Release|Any CPU
		{22CC567B-C4BF-4CBC-A09D-95B385CC920F}.Debug|Any CPU.ActiveCfg = Debug|Any CPU
		{22CC567B-C4BF-4CBC-A09D-95B385CC920F}.Debug|Any CPU.Build.0 = Debug|Any CPU
		{22CC567B-C4BF-4CBC-A09D-95B385CC920F}.Release|Any CPU.ActiveCfg = Release|Any CPU
		{22CC567B-C4BF-4CBC-A09D-95B385CC920F}.Release|Any CPU.Build.0 = Release|Any CPU
		{8020B6BB-85AB-4BFF-BC4F-B34AA74C2DEF}.Debug|Any CPU.ActiveCfg = Debug|Any CPU
		{8020B6BB-85AB-4BFF-BC4F-B34AA74C2DEF}.Debug|Any CPU.Build.0 = Debug|Any CPU
		{8020B6BB-85AB-4BFF-BC4F-B34AA74C2DEF}.Release|Any CPU.ActiveCfg = Release|Any CPU
		{8020B6BB-85AB-4BFF-BC4F-B34AA74C2DEF}.Release|Any CPU.Build.0 = Release|Any CPU
		{B6CE849B-DACF-41CB-8C49-3B7A9BB6BFE9}.Debug|Any CPU.ActiveCfg = Debug|Any CPU
		{B6CE849B-DACF-41CB-8C49-3B7A9BB6BFE9}.Debug|Any CPU.Build.0 = Debug|Any CPU
		{B6CE849B-DACF-41CB-8C49-3B7A9BB6BFE9}.Release|Any CPU.ActiveCfg = Release|Any CPU
		{B6CE849B-DACF-41CB-8C49-3B7A9BB6BFE9}.Release|Any CPU.Build.0 = Release|Any CPU
		{0619C0FC-B464-4B41-B3E0-F0557AE4418C}.Debug|Any CPU.ActiveCfg = Debug|Any CPU
		{0619C0FC-B464-4B41-B3E0-F0557AE4418C}.Debug|Any CPU.Build.0 = Debug|Any CPU
		{0619C0FC-B464-4B41-B3E0-F0557AE4418C}.Release|Any CPU.ActiveCfg = Release|Any CPU
		{0619C0FC-B464-4B41-B3E0-F0557AE4418C}.Release|Any CPU.Build.0 = Release|Any CPU
		{C0089936-879D-4AF3-9611-E1C84F61D1B9}.Debug|Any CPU.ActiveCfg = Debug|Any CPU
		{C0089936-879D-4AF3-9611-E1C84F61D1B9}.Debug|Any CPU.Build.0 = Debug|Any CPU
		{C0089936-879D-4AF3-9611-E1C84F61D1B9}.Release|Any CPU.ActiveCfg = Release|Any CPU
		{C0089936-879D-4AF3-9611-E1C84F61D1B9}.Release|Any CPU.Build.0 = Release|Any CPU
		{8461100C-77E5-4B5E-99B9-24BF75410747}.Debug|Any CPU.ActiveCfg = Debug|Any CPU
		{8461100C-77E5-4B5E-99B9-24BF75410747}.Debug|Any CPU.Build.0 = Debug|Any CPU
		{8461100C-77E5-4B5E-99B9-24BF75410747}.Release|Any CPU.ActiveCfg = Release|Any CPU
		{8461100C-77E5-4B5E-99B9-24BF75410747}.Release|Any CPU.Build.0 = Release|Any CPU
		{4F8A5A2C-5E35-486B-90B1-269D21E0C3A7}.Debug|Any CPU.ActiveCfg = Debug|Any CPU
		{4F8A5A2C-5E35-486B-90B1-269D21E0C3A7}.Debug|Any CPU.Build.0 = Debug|Any CPU
		{4F8A5A2C-5E35-486B-90B1-269D21E0C3A7}.Release|Any CPU.ActiveCfg = Release|Any CPU
		{4F8A5A2C-5E35-486B-90B1-269D21E0C3A7}.Release|Any CPU.Build.0 = Release|Any CPU
	EndGlobalSection
	GlobalSection(SolutionProperties) = preSolution
		HideSolutionNode = FALSE
	EndGlobalSection
	GlobalSection(ExtensibilityGlobals) = postSolution
		SolutionGuid = {DD4A1960-8630-4833-92B7-F2C5E1FE7D67}
	EndGlobalSection
EndGlobal
